
Microsoft Visual Studio Solution File, Format Version 12.00
# Visual Studio Version 17
VisualStudioVersion = 17.13.36105.23 d17.13
MinimumVisualStudioVersion = 10.0.40219.1
Project("{FAE04EC0-301F-11D3-BF4B-00C04F79EFBC}") = "Bank_Managment", "Bank_Managment\Bank_Managment.csproj", "{1DF20286-CFC9-4E0A-B2A5-D577C15652D6}"
EndProject
Global
	GlobalSection(SolutionConfigurationPlatforms) = preSolution
		Debug|Any CPU = Debug|Any CPU
		Release|Any CPU = Release|Any CPU
	EndGlobalSection
	GlobalSection(ProjectConfigurationPlatforms) = postSolution
		{1DF20286-CFC9-4E0A-B2A5-D577C15652D6}.Debug|Any CPU.ActiveCfg = Debug|Any CPU
		{1DF20286-CFC9-4E0A-B2A5-D577C15652D6}.Debug|Any CPU.Build.0 = Debug|Any CPU
		{1DF20286-CFC9-4E0A-B2A5-D577C15652D6}.Release|Any CPU.ActiveCfg = Release|Any CPU
		{1DF20286-CFC9-4E0A-B2A5-D577C15652D6}.Release|Any CPU.Build.0 = Release|Any CPU
	EndGlobalSection
	GlobalSection(SolutionProperties) = preSolution
		HideSolutionNode = FALSE
	EndGlobalSection
	GlobalSection(ExtensibilityGlobals) = postSolution
		SolutionGuid = {3E961A87-5A00-467B-8CD1-F0550B26BAFF}
	EndGlobalSection
EndGlobal
